
Microsoft Visual Studio Solution File, Format Version 11.00
# Visual Studio 2010
Project("{FAE04EC0-301F-11D3-BF4B-00C04F79EFBC}") = "NonlinearPDESolver", "NonlinearPDESolver\NonlinearPDESolver.csproj", "{FF95EBDD-A8F8-43CB-AA22-059B1C45B211}"
EndProject
Project("{FAE04EC0-301F-11D3-BF4B-00C04F79EFBC}") = "MatrixProj", "MatrixProj\MatrixProj.csproj", "{B8D3F65F-9110-438B-8747-3FE5059E9A2E}"
EndProject
Project("{FAE04EC0-301F-11D3-BF4B-00C04F79EFBC}") = "GUI", "GUI\GUI.csproj", "{089D3BB3-6F09-4B4F-B4D9-B7543C1F6B94}"
EndProject
Global
	GlobalSection(SolutionConfigurationPlatforms) = preSolution
		Debug|Any CPU = Debug|Any CPU
		Debug|Mixed Platforms = Debug|Mixed Platforms
		Debug|x86 = Debug|x86
		Release|Any CPU = Release|Any CPU
		Release|Mixed Platforms = Release|Mixed Platforms
		Release|x86 = Release|x86
	EndGlobalSection
	GlobalSection(ProjectConfigurationPlatforms) = postSolution
		{FF95EBDD-A8F8-43CB-AA22-059B1C45B211}.Debug|Any CPU.ActiveCfg = Debug|x86
		{FF95EBDD-A8F8-43CB-AA22-059B1C45B211}.Debug|Mixed Platforms.ActiveCfg = Debug|x86
		{FF95EBDD-A8F8-43CB-AA22-059B1C45B211}.Debug|Mixed Platforms.Build.0 = Debug|x86
		{FF95EBDD-A8F8-43CB-AA22-059B1C45B211}.Debug|x86.ActiveCfg = Debug|x86
		{FF95EBDD-A8F8-43CB-AA22-059B1C45B211}.Debug|x86.Build.0 = Debug|x86
		{FF95EBDD-A8F8-43CB-AA22-059B1C45B211}.Release|Any CPU.ActiveCfg = Release|x86
		{FF95EBDD-A8F8-43CB-AA22-059B1C45B211}.Release|Mixed Platforms.ActiveCfg = Release|x86
		{FF95EBDD-A8F8-43CB-AA22-059B1C45B211}.Release|Mixed Platforms.Build.0 = Release|x86
		{FF95EBDD-A8F8-43CB-AA22-059B1C45B211}.Release|x86.ActiveCfg = Release|x86
		{FF95EBDD-A8F8-43CB-AA22-059B1C45B211}.Release|x86.Build.0 = Release|x86
		{B8D3F65F-9110-438B-8747-3FE5059E9A2E}.Debug|Any CPU.ActiveCfg = Debug|Any CPU
		{B8D3F65F-9110-438B-8747-3FE5059E9A2E}.Debug|Any CPU.Build.0 = Debug|Any CPU
		{B8D3F65F-9110-438B-8747-3FE5059E9A2E}.Debug|Mixed Platforms.ActiveCfg = Debug|Any CPU
		{B8D3F65F-9110-438B-8747-3FE5059E9A2E}.Debug|Mixed Platforms.Build.0 = Debug|Any CPU
		{B8D3F65F-9110-438B-8747-3FE5059E9A2E}.Debug|x86.ActiveCfg = Debug|Any CPU
		{B8D3F65F-9110-438B-8747-3FE5059E9A2E}.Release|Any CPU.ActiveCfg = Release|Any CPU
		{B8D3F65F-9110-438B-8747-3FE5059E9A2E}.Release|Any CPU.Build.0 = Release|Any CPU
		{B8D3F65F-9110-438B-8747-3FE5059E9A2E}.Release|Mixed Platforms.ActiveCfg = Release|Any CPU
		{B8D3F65F-9110-438B-8747-3FE5059E9A2E}.Release|Mixed Platforms.Build.0 = Release|Any CPU
		{B8D3F65F-9110-438B-8747-3FE5059E9A2E}.Release|x86.ActiveCfg = Release|Any CPU
		{089D3BB3-6F09-4B4F-B4D9-B7543C1F6B94}.Debug|Any CPU.ActiveCfg = Debug|x86
		{089D3BB3-6F09-4B4F-B4D9-B7543C1F6B94}.Debug|Mixed Platforms.ActiveCfg = Debug|x86
		{089D3BB3-6F09-4B4F-B4D9-B7543C1F6B94}.Debug|Mixed Platforms.Build.0 = Debug|x86
		{089D3BB3-6F09-4B4F-B4D9-B7543C1F6B94}.Debug|x86.ActiveCfg = Debug|x86
		{089D3BB3-6F09-4B4F-B4D9-B7543C1F6B94}.Debug|x86.Build.0 = Debug|x86
		{089D3BB3-6F09-4B4F-B4D9-B7543C1F6B94}.Release|Any CPU.ActiveCfg = Release|x86
		{089D3BB3-6F09-4B4F-B4D9-B7543C1F6B94}.Release|Mixed Platforms.ActiveCfg = Release|x86
		{089D3BB3-6F09-4B4F-B4D9-B7543C1F6B94}.Release|Mixed Platforms.Build.0 = Release|x86
		{089D3BB3-6F09-4B4F-B4D9-B7543C1F6B94}.Release|x86.ActiveCfg = Release|x86
		{089D3BB3-6F09-4B4F-B4D9-B7543C1F6B94}.Release|x86.Build.0 = Release|x86
	EndGlobalSection
	GlobalSection(SolutionProperties) = preSolution
		HideSolutionNode = FALSE
	EndGlobalSection
EndGlobal
